
Microsoft Visual Studio Solution File, Format Version 12.00
# Visual Studio Version 17
VisualStudioVersion = 17.5.33627.172
MinimumVisualStudioVersion = 10.0.40219.1
Project("{FAE04EC0-301F-11D3-BF4B-00C04F79EFBC}") = "Laboratory", "Laboratory\Laboratory.csproj", "{1BBE72BB-E92D-4C48-AC74-B922946A06B9}"
EndProject
Project("{FAE04EC0-301F-11D3-BF4B-00C04F79EFBC}") = "Laboratory2", "Laboratory2\Laboratory2.csproj", "{B6272C3A-CB82-4CA2-B18B-025E6EB74372}"
EndProject
Global
	GlobalSection(SolutionConfigurationPlatforms) = preSolution
		Debug|Any CPU = Debug|Any CPU
		Release|Any CPU = Release|Any CPU
	EndGlobalSection
	GlobalSection(ProjectConfigurationPlatforms) = postSolution
		{1BBE72BB-E92D-4C48-AC74-B922946A06B9}.Debug|Any CPU.ActiveCfg = Debug|Any CPU
		{1BBE72BB-E92D-4C48-AC74-B922946A06B9}.Debug|Any CPU.Build.0 = Debug|Any CPU
		{1BBE72BB-E92D-4C48-AC74-B922946A06B9}.Release|Any CPU.ActiveCfg = Release|Any CPU
		{1BBE72BB-E92D-4C48-AC74-B922946A06B9}.Release|Any CPU.Build.0 = Release|Any CPU
		{B6272C3A-CB82-4CA2-B18B-025E6EB74372}.Debug|Any CPU.ActiveCfg = Debug|Any CPU
		{B6272C3A-CB82-4CA2-B18B-025E6EB74372}.Debug|Any CPU.Build.0 = Debug|Any CPU
		{B6272C3A-CB82-4CA2-B18B-025E6EB74372}.Release|Any CPU.ActiveCfg = Release|Any CPU
		{B6272C3A-CB82-4CA2-B18B-025E6EB74372}.Release|Any CPU.Build.0 = Release|Any CPU
	EndGlobalSection
	GlobalSection(SolutionProperties) = preSolution
		HideSolutionNode = FALSE
	EndGlobalSection
	GlobalSection(ExtensibilityGlobals) = postSolution
		SolutionGuid = {E11DF73D-4F7E-4883-931A-0C611E68B366}
	EndGlobalSection
EndGlobal
